// !$*UTF8*$!
{
	archiveVersion = 1;
	classes = {
	};
	objectVersion = 77;
	objects = {

/* Begin PBXBuildFile section */
		7A3C9E2F1B4D8A605E92F3C1 /* AlbumFixtures.swift in Sources */ = {isa = PBXBuildFile; fileRef = 4D8B2F19E6A03C5D7B1E904 /* AlbumFixtures.swift */; };
		9F2E5C8A3D1B7F406A8E2D59 /* AlbumSorterTests.swift in Sources */ = {isa = PBXBuildFile; fileRef = C1A6E3D92F8B4C5071D2A6E8 /* AlbumSorterTests.swift */; };
		D4E5F60718293A4B5C6D7E8F9 /* AlbumCollectionTests.swift in Sources */ = {isa = PBXBuildFile; fileRef = E5F60718293A4B5C6D7E8F9A0B1 /* AlbumCollectionTests.swift */; };
		A1B2C3D4E5F60718293A4B5D /* UserDefaultsPreferencesStoreTests.swift in Sources */ = {isa = PBXBuildFile; fileRef = B2C3D4E5F60718293A4B5C6E /* UserDefaultsPreferencesStoreTests.swift */; };
		BBAE99B1FA45969122576159 /* SmokeTests.swift in Sources */ = {isa = PBXBuildFile; fileRef = B203760B33EAD816D6FDCB94 /* SmokeTests.swift */; };
		A1F2B3C4D5E60718293A4B5C1 /* MockAlbumRepository.swift in Sources */ = {isa = PBXBuildFile; fileRef = F1A2B3C4D5E60718293A4B5C /* MockAlbumRepository.swift */; };
		A2F3B4C5D6E70718293A4B5C2 /* MockPlaybackController.swift in Sources */ = {isa = PBXBuildFile; fileRef = F2A3B4C5D6E70718293A4B5D /* MockPlaybackController.swift */; };
		A3F4B5C6D7E80718293A4B5C3 /* AlbumRepositoryTests.swift in Sources */ = {isa = PBXBuildFile; fileRef = F3A4B5C6D7E80718293A4B5C /* AlbumRepositoryTests.swift */; };
		A4F5B6C7D8E90718293A4B5C4 /* AlbumTapPlaybackTests.swift in Sources */ = {isa = PBXBuildFile; fileRef = F4A5B6C7D8E90718293A4B5D /* AlbumTapPlaybackTests.swift */; };
		A5F6B7C8D9E00718293A4B5C5 /* AlbumRecordCodableTests.swift in Sources */ = {isa = PBXBuildFile; fileRef = F5A6B7C8D9E00718293A4B5C5 /* AlbumRecordCodableTests.swift */; };
		A6F7B8C9D0E10718293A4B5C6 /* AlbumLibraryLoaderTests.swift in Sources */ = {isa = PBXBuildFile; fileRef = F6A7B8C9D0E10718293A4B5C6 /* AlbumLibraryLoaderTests.swift */; };
		A7F8B9C0D1E20718293A4B5C7 /* LegacyFixtureTests.swift in Sources */ = {isa = PBXBuildFile; fileRef = F7A8B9C0D1E20718293A4B5C7 /* LegacyFixtureTests.swift */; };
		A8F9B0C1D2E30718293A4B5C8 /* InMemoryPreferencesStore.swift in Sources */ = {isa = PBXBuildFile; fileRef = F8A9B0C1D2E30718293A4B5C8 /* InMemoryPreferencesStore.swift */; };
		B9C0D1E2F30818293A4B5C9 /* legacy_stored_albums_v1.json in Resources */ = {isa = PBXBuildFile; fileRef = F9C0D1E2F30818293A4B5C9 /* legacy_stored_albums_v1.json */; };
		A9F0B1C2D3E40718293A4B5C9 /* BackupCodecTests.swift in Sources */ = {isa = PBXBuildFile; fileRef = F0A1B2C3D4E50718293A4B5C9 /* BackupCodecTests.swift */; };
		A0F1B2C3D4E60718293A4B5D0 /* FileExportServiceTests.swift in Sources */ = {isa = PBXBuildFile; fileRef = F0B1C2D3E4F60718293A4B5D0 /* FileExportServiceTests.swift */; };
		A1F2B3C4D5E70718293A4B5D1 /* LiveAlbumBackupServiceTests.swift in Sources */ = {isa = PBXBuildFile; fileRef = F1B2C3D4E5F70718293A4B5D1 /* LiveAlbumBackupServiceTests.swift */; };
		A2F3B4C5D6E80718293A4B5D2 /* DirectFileReader.swift in Sources */ = {isa = PBXBuildFile; fileRef = F2B3C4D5E6F80718293A4B5D2 /* DirectFileReader.swift */; };
/* End PBXBuildFile section */

/* Begin PBXContainerItemProxy section */
		B190941EFFE7C48E8542490A /* PBXContainerItemProxy */ = {
			isa = PBXContainerItemProxy;
			containerPortal = 835DD9802E5FB592001CD95F /* Project object */;
			proxyType = 1;
			remoteGlobalIDString = 835DD9872E5FB592001CD95F;
			remoteInfo = MusicWall;
		};
/* End PBXContainerItemProxy section */

/* Begin PBXFileReference section */
		4074DBA99A12CE4F48D648E1 /* MusicWallTests.xctest */ = {isa = PBXFileReference; explicitFileType = wrapper.cfbundle; includeInIndex = 0; path = MusicWallTests.xctest; sourceTree = BUILT_PRODUCTS_DIR; };
		835DD9882E5FB592001CD95F /* MusicWall.app */ = {isa = PBXFileReference; explicitFileType = wrapper.application; includeInIndex = 0; path = MusicWall.app; sourceTree = BUILT_PRODUCTS_DIR; };
		4D8B2F19E6A03C5D7B1E904 /* AlbumFixtures.swift */ = {isa = PBXFileReference; includeInIndex = 1; lastKnownFileType = sourcecode.swift; path = AlbumFixtures.swift; sourceTree = "<group>"; };
		B203760B33EAD816D6FDCB94 /* SmokeTests.swift */ = {isa = PBXFileReference; includeInIndex = 1; lastKnownFileType = sourcecode.swift; path = SmokeTests.swift; sourceTree = "<group>"; };
		B2C3D4E5F60718293A4B5C6E /* UserDefaultsPreferencesStoreTests.swift */ = {isa = PBXFileReference; includeInIndex = 1; lastKnownFileType = sourcecode.swift; path = UserDefaultsPreferencesStoreTests.swift; sourceTree = "<group>"; };
		C1A6E3D92F8B4C5071D2A6E8 /* AlbumSorterTests.swift */ = {isa = PBXFileReference; includeInIndex = 1; lastKnownFileType = sourcecode.swift; path = AlbumSorterTests.swift; sourceTree = "<group>"; };
		E5F60718293A4B5C6D7E8F9A0B1 /* AlbumCollectionTests.swift */ = {isa = PBXFileReference; includeInIndex = 1; lastKnownFileType = sourcecode.swift; path = AlbumCollectionTests.swift; sourceTree = "<group>"; };
		F1A2B3C4D5E60718293A4B5C /* MockAlbumRepository.swift */ = {isa = PBXFileReference; includeInIndex = 1; lastKnownFileType = sourcecode.swift; path = MockAlbumRepository.swift; sourceTree = "<group>"; };
		F2A3B4C5D6E70718293A4B5D /* MockPlaybackController.swift */ = {isa = PBXFileReference; includeInIndex = 1; lastKnownFileType = sourcecode.swift; path = MockPlaybackController.swift; sourceTree = "<group>"; };
		F3A4B5C6D7E80718293A4B5C /* AlbumRepositoryTests.swift */ = {isa = PBXFileReference; includeInIndex = 1; lastKnownFileType = sourcecode.swift; path = AlbumRepositoryTests.swift; sourceTree = "<group>"; };
		F4A5B6C7D8E90718293A4B5D /* AlbumTapPlaybackTests.swift */ = {isa = PBXFileReference; includeInIndex = 1; lastKnownFileType = sourcecode.swift; path = AlbumTapPlaybackTests.swift; sourceTree = "<group>"; };
		F5A6B7C8D9E00718293A4B5C5 /* AlbumRecordCodableTests.swift */ = {isa = PBXFileReference; includeInIndex = 1; lastKnownFileType = sourcecode.swift; path = AlbumRecordCodableTests.swift; sourceTree = "<group>"; };
		F6A7B8C9D0E10718293A4B5C6 /* AlbumLibraryLoaderTests.swift */ = {isa = PBXFileReference; includeInIndex = 1; lastKnownFileType = sourcecode.swift; path = AlbumLibraryLoaderTests.swift; sourceTree = "<group>"; };
		F7A8B9C0D1E20718293A4B5C7 /* LegacyFixtureTests.swift */ = {isa = PBXFileReference; includeInIndex = 1; lastKnownFileType = sourcecode.swift; path = LegacyFixtureTests.swift; sourceTree = "<group>"; };
		F8A9B0C1D2E30718293A4B5C8 /* InMemoryPreferencesStore.swift */ = {isa = PBXFileReference; includeInIndex = 1; lastKnownFileType = sourcecode.swift; path = InMemoryPreferencesStore.swift; sourceTree = "<group>"; };
		F9C0D1E2F30818293A4B5C9 /* legacy_stored_albums_v1.json */ = {isa = PBXFileReference; includeInIndex = 1; lastKnownFileType = text.json; path = legacy_stored_albums_v1.json; sourceTree = "<group>"; };
		F0A1B2C3D4E50718293A4B5C9 /* BackupCodecTests.swift */ = {isa = PBXFileReference; includeInIndex = 1; lastKnownFileType = sourcecode.swift; path = BackupCodecTests.swift; sourceTree = "<group>"; };
		F0B1C2D3E4F60718293A4B5D0 /* FileExportServiceTests.swift */ = {isa = PBXFileReference; includeInIndex = 1; lastKnownFileType = sourcecode.swift; path = FileExportServiceTests.swift; sourceTree = "<group>"; };
		F1B2C3D4E5F70718293A4B5D1 /* LiveAlbumBackupServiceTests.swift */ = {isa = PBXFileReference; includeInIndex = 1; lastKnownFileType = sourcecode.swift; path = LiveAlbumBackupServiceTests.swift; sourceTree = "<group>"; };
		F2B3C4D5E6F80718293A4B5D2 /* DirectFileReader.swift */ = {isa = PBXFileReference; includeInIndex = 1; lastKnownFileType = sourcecode.swift; path = DirectFileReader.swift; sourceTree = "<group>"; };
/* End PBXFileReference section */

/* Begin PBXFileSystemSynchronizedRootGroup section */
		835DD98A2E5FB592001CD95F /* MusicWall */ = {
			isa = PBXFileSystemSynchronizedRootGroup;
			exceptions = (
			);
			path = MusicWall;
			sourceTree = "<group>";
		};
/* End PBXFileSystemSynchronizedRootGroup section */

/* Begin PBXFrameworksBuildPhase section */
		835DD9852E5FB592001CD95F /* Frameworks */ = {
			isa = PBXFrameworksBuildPhase;
			buildActionMask = 2147483647;
			files = (
			);
			runOnlyForDeploymentPostprocessing = 0;
		};
		D9DB44332A9461DA9745F4F7 /* Frameworks */ = {
			isa = PBXFrameworksBuildPhase;
			buildActionMask = 2147483647;
			files = (
			);
			runOnlyForDeploymentPostprocessing = 0;
		};
/* End PBXFrameworksBuildPhase section */

/* Begin PBXGroup section */
		835DD97F2E5FB592001CD95F = {
			isa = PBXGroup;
			children = (
				835DD98A2E5FB592001CD95F /* MusicWall */,
				835DD9892E5FB592001CD95F /* Products */,
				850E21353DFC86412384C721 /* MusicWallTests */,
			);
			sourceTree = "<group>";
		};
		835DD9892E5FB592001CD95F /* Products */ = {
			isa = PBXGroup;
			children = (
				835DD9882E5FB592001CD95F /* MusicWall.app */,
				4074DBA99A12CE4F48D648E1 /* MusicWallTests.xctest */,
			);
			name = Products;
			sourceTree = "<group>";
		};
		2F8A1C4E9D6B3A7051E8C2D0 /* Core */ = {
			isa = PBXGroup;
			children = (
				F3A4B5C6D7E80718293A4B5C /* AlbumRepositoryTests.swift */,
				F4A5B6C7D8E90718293A4B5D /* AlbumTapPlaybackTests.swift */,
				E5F60718293A4B5C6D7E8F9A0B1 /* AlbumCollectionTests.swift */,
				C1A6E3D92F8B4C5071D2A6E8 /* AlbumSorterTests.swift */,
				F5A6B7C8D9E00718293A4B5C5 /* AlbumRecordCodableTests.swift */,
				F6A7B8C9D0E10718293A4B5C6 /* AlbumLibraryLoaderTests.swift */,
				F0A1B2C3D4E50718293A4B5C9 /* BackupCodecTests.swift */,
			);
			path = Core;
			sourceTree = "<group>";
		};
		D5E6F708192A3B4C5D6E7F809 /* TestSupport */ = {
			isa = PBXGroup;
			children = (
				F1A2B3C4D5E60718293A4B5C /* MockAlbumRepository.swift */,
				F2A3B4C5D6E70718293A4B5D /* MockPlaybackController.swift */,
				F8A9B0C1D2E30718293A4B5C8 /* InMemoryPreferencesStore.swift */,
				F2B3C4D5E6F80718293A4B5D2 /* DirectFileReader.swift */,
			);
			path = TestSupport;
			sourceTree = "<group>";
		};
		C3D4E5F60718293A4B5C6D7F /* Adapters */ = {
			isa = PBXGroup;
			children = (
				B2C3D4E5F60718293A4B5C6E /* UserDefaultsPreferencesStoreTests.swift */,
				F0B1C2D3E4F60718293A4B5D0 /* FileExportServiceTests.swift */,
				F1B2C3D4E5F70718293A4B5D1 /* LiveAlbumBackupServiceTests.swift */,
			);
			path = Adapters;
			sourceTree = "<group>";
		};
		850E21353DFC86412384C721 /* MusicWallTests */ = {
			isa = PBXGroup;
			children = (
				C3D4E5F60718293A4B5C6D7F /* Adapters */,
				3E7B2A9C5F1D8046A2C9E1B4 /* Fixtures */,
				2F8A1C4E9D6B3A7051E8C2D0 /* Core */,
				D5E6F708192A3B4C5D6E7F809 /* TestSupport */,
				B203760B33EAD816D6FDCB94 /* SmokeTests.swift */,
			);
			name = MusicWallTests;
			path = MusicWallTests;
			sourceTree = "<group>";
		};
		3E7B2A9C5F1D8046A2C9E1B4 /* Fixtures */ = {
			isa = PBXGroup;
			children = (
				4D8B2F19E6A03C5D7B1E904 /* AlbumFixtures.swift */,
				F7A8B9C0D1E20718293A4B5C7 /* LegacyFixtureTests.swift */,
				F9C0D1E2F30818293A4B5C9 /* legacy_stored_albums_v1.json */,
			);
			path = Fixtures;
			sourceTree = "<group>";
		};
/* End PBXGroup section */

/* Begin PBXNativeTarget section */
		5F0BEB58C2BFF7CB66E9D450 /* MusicWallTests */ = {
			isa = PBXNativeTarget;
			buildConfigurationList = 050FE7F5B2BD48E9EA84ACC3 /* Build configuration list for PBXNativeTarget "MusicWallTests" */;
			buildPhases = (
				CB9028FC613E793D35916DCD /* Sources */,
				D9DB44332A9461DA9745F4F7 /* Frameworks */,
				E511F21C2922B3CE6EAEE8B6 /* Resources */,
			);
			buildRules = (
			);
			dependencies = (
				2B00DA7A3B2B13D75B42153D /* PBXTargetDependency */,
			);
			name = MusicWallTests;
			productName = MusicWallTests;
			productReference = 4074DBA99A12CE4F48D648E1 /* MusicWallTests.xctest */;
			productType = "com.apple.product-type.bundle.unit-test";
		};
		835DD9872E5FB592001CD95F /* MusicWall */ = {
			isa = PBXNativeTarget;
			buildConfigurationList = 835DD9932E5FB592001CD95F /* Build configuration list for PBXNativeTarget "MusicWall" */;
			buildPhases = (
				835DD9842E5FB592001CD95F /* Sources */,
				835DD9852E5FB592001CD95F /* Frameworks */,
				835DD9862E5FB592001CD95F /* Resources */,
			);
			buildRules = (
			);
			dependencies = (
			);
			fileSystemSynchronizedGroups = (
				835DD98A2E5FB592001CD95F /* MusicWall */,
			);
			name = MusicWall;
			productName = "Vinyl Wall";
			productReference = 835DD9882E5FB592001CD95F /* MusicWall.app */;
			productType = "com.apple.product-type.application";
		};
/* End PBXNativeTarget section */

/* Begin PBXProject section */
		835DD9802E5FB592001CD95F /* Project object */ = {
			isa = PBXProject;
			attributes = {
				BuildIndependentTargetsInParallel = 1;
				LastSwiftUpdateCheck = 1640;
				LastUpgradeCheck = 2600;
				TargetAttributes = {
					5F0BEB58C2BFF7CB66E9D450 = {
						CreatedOnToolsVersion = 16.4;
						TestTargetID = 835DD9872E5FB592001CD95F;
					};
					835DD9872E5FB592001CD95F = {
						CreatedOnToolsVersion = 16.4;
					};
				};
			};
			buildConfigurationList = 835DD9832E5FB592001CD95F /* Build configuration list for PBXProject "MusicWall" */;
			developmentRegion = en;
			hasScannedForEncodings = 0;
			knownRegions = (
				en,
				Base,
			);
			mainGroup = 835DD97F2E5FB592001CD95F;
			minimizedProjectReferenceProxies = 1;
			preferredProjectObjectVersion = 77;
			productRefGroup = 835DD9892E5FB592001CD95F /* Products */;
			projectDirPath = "";
			projectRoot = "";
			targets = (
				835DD9872E5FB592001CD95F /* MusicWall */,
				5F0BEB58C2BFF7CB66E9D450 /* MusicWallTests */,
			);
		};
/* End PBXProject section */

/* Begin PBXResourcesBuildPhase section */
		835DD9862E5FB592001CD95F /* Resources */ = {
			isa = PBXResourcesBuildPhase;
			buildActionMask = 2147483647;
			files = (
			);
			runOnlyForDeploymentPostprocessing = 0;
		};
		E511F21C2922B3CE6EAEE8B6 /* Resources */ = {
			isa = PBXResourcesBuildPhase;
			buildActionMask = 2147483647;
			files = (
				B9C0D1E2F30818293A4B5C9 /* legacy_stored_albums_v1.json in Resources */,
			);
			runOnlyForDeploymentPostprocessing = 0;
		};
/* End PBXResourcesBuildPhase section */

/* Begin PBXSourcesBuildPhase section */
		835DD9842E5FB592001CD95F /* Sources */ = {
			isa = PBXSourcesBuildPhase;
			buildActionMask = 2147483647;
			files = (
			);
			runOnlyForDeploymentPostprocessing = 0;
		};
		CB9028FC613E793D35916DCD /* Sources */ = {
			isa = PBXSourcesBuildPhase;
			buildActionMask = 2147483647;
			files = (
				7A3C9E2F1B4D8A605E92F3C1 /* AlbumFixtures.swift in Sources */,
				9F2E5C8A3D1B7F406A8E2D59 /* AlbumSorterTests.swift in Sources */,
				D4E5F60718293A4B5C6D7E8F9 /* AlbumCollectionTests.swift in Sources */,
				A1B2C3D4E5F60718293A4B5D /* UserDefaultsPreferencesStoreTests.swift in Sources */,
				BBAE99B1FA45969122576159 /* SmokeTests.swift in Sources */,
				A1F2B3C4D5E60718293A4B5C1 /* MockAlbumRepository.swift in Sources */,
				A2F3B4C5D6E70718293A4B5C2 /* MockPlaybackController.swift in Sources */,
				A3F4B5C6D7E80718293A4B5C3 /* AlbumRepositoryTests.swift in Sources */,
				A4F5B6C7D8E90718293A4B5C4 /* AlbumTapPlaybackTests.swift in Sources */,
				A5F6B7C8D9E00718293A4B5C5 /* AlbumRecordCodableTests.swift in Sources */,
				A6F7B8C9D0E10718293A4B5C6 /* AlbumLibraryLoaderTests.swift in Sources */,
				A7F8B9C0D1E20718293A4B5C7 /* LegacyFixtureTests.swift in Sources */,
				A8F9B0C1D2E30718293A4B5C8 /* InMemoryPreferencesStore.swift in Sources */,
				A9F0B1C2D3E40718293A4B5C9 /* BackupCodecTests.swift in Sources */,
				A0F1B2C3D4E60718293A4B5D0 /* FileExportServiceTests.swift in Sources */,
				A1F2B3C4D5E70718293A4B5D1 /* LiveAlbumBackupServiceTests.swift in Sources */,
				A2F3B4C5D6E80718293A4B5D2 /* DirectFileReader.swift in Sources */,
			);
			runOnlyForDeploymentPostprocessing = 0;
		};
/* End PBXSourcesBuildPhase section */

/* Begin PBXTargetDependency section */
		2B00DA7A3B2B13D75B42153D /* PBXTargetDependency */ = {
			isa = PBXTargetDependency;
			name = MusicWall;
			target = 835DD9872E5FB592001CD95F /* MusicWall */;
			targetProxy = B190941EFFE7C48E8542490A /* PBXContainerItemProxy */;
		};
/* End PBXTargetDependency section */

/* Begin XCBuildConfiguration section */
		835DD9912E5FB592001CD95F /* Debug */ = {
			isa = XCBuildConfiguration;
			buildSettings = {
				ALWAYS_SEARCH_USER_PATHS = NO;
				ASSETCATALOG_COMPILER_GENERATE_SWIFT_ASSET_SYMBOL_EXTENSIONS = YES;
				CLANG_ANALYZER_NONNULL = YES;
				CLANG_ANALYZER_NUMBER_OBJECT_CONVERSION = YES_AGGRESSIVE;
				CLANG_CXX_LANGUAGE_STANDARD = "gnu++20";
				CLANG_ENABLE_MODULES = YES;
				CLANG_ENABLE_OBJC_ARC = YES;
				CLANG_ENABLE_OBJC_WEAK = YES;
				CLANG_WARN_BLOCK_CAPTURE_AUTORELEASING = YES;
				CLANG_WARN_BOOL_CONVERSION = YES;
				CLANG_WARN_COMMA = YES;
				CLANG_WARN_CONSTANT_CONVERSION = YES;
				CLANG_WARN_DEPRECATED_OBJC_IMPLEMENTATIONS = YES;
				CLANG_WARN_DIRECT_OBJC_ISA_USAGE = YES_ERROR;
				CLANG_WARN_DOCUMENTATION_COMMENTS = YES;
				CLANG_WARN_EMPTY_BODY = YES;
				CLANG_WARN_ENUM_CONVERSION = YES;
				CLANG_WARN_INFINITE_RECURSION = YES;
				CLANG_WARN_INT_CONVERSION = YES;
				CLANG_WARN_NON_LITERAL_NULL_CONVERSION = YES;
				CLANG_WARN_OBJC_IMPLICIT_RETAIN_SELF = YES;
				CLANG_WARN_OBJC_LITERAL_CONVERSION = YES;
				CLANG_WARN_OBJC_ROOT_CLASS = YES_ERROR;
				CLANG_WARN_QUOTED_INCLUDE_IN_FRAMEWORK_HEADER = YES;
				CLANG_WARN_RANGE_LOOP_ANALYSIS = YES;
				CLANG_WARN_STRICT_PROTOTYPES = YES;
				CLANG_WARN_SUSPICIOUS_MOVE = YES;
				CLANG_WARN_UNGUARDED_AVAILABILITY = YES_AGGRESSIVE;
				CLANG_WARN_UNREACHABLE_CODE = YES;
				CLANG_WARN__DUPLICATE_METHOD_MATCH = YES;
				COPY_PHASE_STRIP = NO;
				DEBUG_INFORMATION_FORMAT = dwarf;
				DEVELOPMENT_TEAM = CD8XP2U645;
				ENABLE_STRICT_OBJC_MSGSEND = YES;
				ENABLE_TESTABILITY = YES;
				ENABLE_USER_SCRIPT_SANDBOXING = YES;
				GCC_C_LANGUAGE_STANDARD = gnu17;
				GCC_DYNAMIC_NO_PIC = NO;
				GCC_NO_COMMON_BLOCKS = YES;
				GCC_OPTIMIZATION_LEVEL = 0;
				GCC_PREPROCESSOR_DEFINITIONS = (
					"DEBUG=1",
					"$(inherited)",
				);
				GCC_WARN_64_TO_32_BIT_CONVERSION = YES;
				GCC_WARN_ABOUT_RETURN_TYPE = YES_ERROR;
				GCC_WARN_UNDECLARED_SELECTOR = YES;
				GCC_WARN_UNINITIALIZED_AUTOS = YES_AGGRESSIVE;
				GCC_WARN_UNUSED_FUNCTION = YES;
				GCC_WARN_UNUSED_VARIABLE = YES;
				IPHONEOS_DEPLOYMENT_TARGET = 18.5;
				LOCALIZATION_PREFERS_STRING_CATALOGS = YES;
				MTL_ENABLE_DEBUG_INFO = INCLUDE_SOURCE;
				MTL_FAST_MATH = YES;
				ONLY_ACTIVE_ARCH = YES;
				SDKROOT = iphoneos;
				STRING_CATALOG_GENERATE_SYMBOLS = YES;
				SWIFT_ACTIVE_COMPILATION_CONDITIONS = "DEBUG $(inherited)";
				SWIFT_OPTIMIZATION_LEVEL = "-Onone";
			};
			name = Debug;
		};
		835DD9922E5FB592001CD95F /* Release */ = {
			isa = XCBuildConfiguration;
			buildSettings = {
				ALWAYS_SEARCH_USER_PATHS = NO;
				ASSETCATALOG_COMPILER_GENERATE_SWIFT_ASSET_SYMBOL_EXTENSIONS = YES;
				CLANG_ANALYZER_NONNULL = YES;
				CLANG_ANALYZER_NUMBER_OBJECT_CONVERSION = YES_AGGRESSIVE;
				CLANG_CXX_LANGUAGE_STANDARD = "gnu++20";
				CLANG_ENABLE_MODULES = YES;
				CLANG_ENABLE_OBJC_ARC = YES;
				CLANG_ENABLE_OBJC_WEAK = YES;
				CLANG_WARN_BLOCK_CAPTURE_AUTORELEASING = YES;
				CLANG_WARN_BOOL_CONVERSION = YES;
				CLANG_WARN_COMMA = YES;
				CLANG_WARN_CONSTANT_CONVERSION = YES;
				CLANG_WARN_DEPRECATED_OBJC_IMPLEMENTATIONS = YES;
				CLANG_WARN_DIRECT_OBJC_ISA_USAGE = YES_ERROR;
				CLANG_WARN_DOCUMENTATION_COMMENTS = YES;
				CLANG_WARN_EMPTY_BODY = YES;
				CLANG_WARN_ENUM_CONVERSION = YES;
				CLANG_WARN_INFINITE_RECURSION = YES;
				CLANG_WARN_INT_CONVERSION = YES;
				CLANG_WARN_NON_LITERAL_NULL_CONVERSION = YES;
				CLANG_WARN_OBJC_IMPLICIT_RETAIN_SELF = YES;
				CLANG_WARN_OBJC_LITERAL_CONVERSION = YES;
				CLANG_WARN_OBJC_ROOT_CLASS = YES_ERROR;
				CLANG_WARN_QUOTED_INCLUDE_IN_FRAMEWORK_HEADER = YES;
				CLANG_WARN_RANGE_LOOP_ANALYSIS = YES;
				CLANG_WARN_STRICT_PROTOTYPES = YES;
				CLANG_WARN_SUSPICIOUS_MOVE = YES;
				CLANG_WARN_UNGUARDED_AVAILABILITY = YES_AGGRESSIVE;
				CLANG_WARN_UNREACHABLE_CODE = YES;
				CLANG_WARN__DUPLICATE_METHOD_MATCH = YES;
				COPY_PHASE_STRIP = NO;
				DEBUG_INFORMATION_FORMAT = "dwarf-with-dsym";
				DEVELOPMENT_TEAM = CD8XP2U645;
				ENABLE_NS_ASSERTIONS = NO;
				ENABLE_STRICT_OBJC_MSGSEND = YES;
				ENABLE_USER_SCRIPT_SANDBOXING = YES;
				GCC_C_LANGUAGE_STANDARD = gnu17;
				GCC_NO_COMMON_BLOCKS = YES;
				GCC_WARN_64_TO_32_BIT_CONVERSION = YES;
				GCC_WARN_ABOUT_RETURN_TYPE = YES_ERROR;
				GCC_WARN_UNDECLARED_SELECTOR = YES;
				GCC_WARN_UNINITIALIZED_AUTOS = YES_AGGRESSIVE;
				GCC_WARN_UNUSED_FUNCTION = YES;
				GCC_WARN_UNUSED_VARIABLE = YES;
				IPHONEOS_DEPLOYMENT_TARGET = 18.5;
				LOCALIZATION_PREFERS_STRING_CATALOGS = YES;
				MTL_ENABLE_DEBUG_INFO = NO;
				MTL_FAST_MATH = YES;
				SDKROOT = iphoneos;
				STRING_CATALOG_GENERATE_SYMBOLS = YES;
				SWIFT_COMPILATION_MODE = wholemodule;
				VALIDATE_PRODUCT = YES;
			};
			name = Release;
		};
		835DD9942E5FB592001CD95F /* Debug */ = {
			isa = XCBuildConfiguration;
			buildSettings = {
				ASSETCATALOG_COMPILER_APPICON_NAME = AppIcon;
				ASSETCATALOG_COMPILER_GLOBAL_ACCENT_COLOR_NAME = AccentColor;
				CODE_SIGN_STYLE = Automatic;
				CURRENT_PROJECT_VERSION = 1;
				DEVELOPMENT_TEAM = CD8XP2U645;
				ENABLE_PREVIEWS = YES;
				GENERATE_INFOPLIST_FILE = YES;
				INFOPLIST_KEY_ITSAppUsesNonExemptEncryption = NO;
				INFOPLIST_KEY_NSAppleMusicUsageDescription = "Allow access to launch albums";
				INFOPLIST_KEY_UIApplicationSceneManifest_Generation = YES;
				INFOPLIST_KEY_UIApplicationSupportsIndirectInputEvents = YES;
				INFOPLIST_KEY_UILaunchScreen_Generation = YES;
				INFOPLIST_KEY_UISupportedInterfaceOrientations_iPad = "UIInterfaceOrientationPortrait UIInterfaceOrientationPortraitUpsideDown UIInterfaceOrientationLandscapeLeft UIInterfaceOrientationLandscapeRight";
				INFOPLIST_KEY_UISupportedInterfaceOrientations_iPhone = "UIInterfaceOrientationPortrait UIInterfaceOrientationLandscapeLeft UIInterfaceOrientationLandscapeRight";
				LD_RUNPATH_SEARCH_PATHS = (
					"$(inherited)",
					"@executable_path/Frameworks",
				);
				MARKETING_VERSION = 1.2;
				PRODUCT_BUNDLE_IDENTIFIER = chris.MusicWall;
				PRODUCT_NAME = "$(TARGET_NAME)";
				SWIFT_EMIT_LOC_STRINGS = YES;
				SWIFT_VERSION = 5.0;
				TARGETED_DEVICE_FAMILY = "1,2";
			};
			name = Debug;
		};
		835DD9952E5FB592001CD95F /* Release */ = {
			isa = XCBuildConfiguration;
			buildSettings = {
				ASSETCATALOG_COMPILER_APPICON_NAME = AppIcon;
				ASSETCATALOG_COMPILER_GLOBAL_ACCENT_COLOR_NAME = AccentColor;
				CODE_SIGN_STYLE = Automatic;
				CURRENT_PROJECT_VERSION = 1;
				DEVELOPMENT_TEAM = CD8XP2U645;
				ENABLE_PREVIEWS = YES;
				GENERATE_INFOPLIST_FILE = YES;
				INFOPLIST_KEY_ITSAppUsesNonExemptEncryption = NO;
				INFOPLIST_KEY_NSAppleMusicUsageDescription = "Allow access to launch albums";
				INFOPLIST_KEY_UIApplicationSceneManifest_Generation = YES;
				INFOPLIST_KEY_UIApplicationSupportsIndirectInputEvents = YES;
				INFOPLIST_KEY_UILaunchScreen_Generation = YES;
				INFOPLIST_KEY_UISupportedInterfaceOrientations_iPad = "UIInterfaceOrientationPortrait UIInterfaceOrientationPortraitUpsideDown UIInterfaceOrientationLandscapeLeft UIInterfaceOrientationLandscapeRight";
				INFOPLIST_KEY_UISupportedInterfaceOrientations_iPhone = "UIInterfaceOrientationPortrait UIInterfaceOrientationLandscapeLeft UIInterfaceOrientationLandscapeRight";
				LD_RUNPATH_SEARCH_PATHS = (
					"$(inherited)",
					"@executable_path/Frameworks",
				);
				MARKETING_VERSION = 1.2;
				PRODUCT_BUNDLE_IDENTIFIER = chris.MusicWall;
				PRODUCT_NAME = "$(TARGET_NAME)";
				SWIFT_EMIT_LOC_STRINGS = YES;
				SWIFT_VERSION = 5.0;
				TARGETED_DEVICE_FAMILY = "1,2";
			};
			name = Release;
		};
		944A84916DE51D0580A90ADF /* Release */ = {
			isa = XCBuildConfiguration;
			buildSettings = {
				BUNDLE_LOADER = "$(TEST_HOST)";
				CLANG_ENABLE_OBJC_WEAK = NO;
				CODE_SIGN_STYLE = Automatic;
				CURRENT_PROJECT_VERSION = 1;
				DEVELOPMENT_TEAM = CD8XP2U645;
				GENERATE_INFOPLIST_FILE = YES;
				IPHONEOS_DEPLOYMENT_TARGET = 18.5;
				LD_RUNPATH_SEARCH_PATHS = (
					"$(inherited)",
					"@executable_path/Frameworks",
					"@loader_path/Frameworks",
				);
				PRODUCT_BUNDLE_IDENTIFIER = chris.MusicWallTests;
				PRODUCT_NAME = "$(TARGET_NAME)";
				SDKROOT = iphoneos;
				SWIFT_VERSION = 5.0;
				TARGETED_DEVICE_FAMILY = "1,2";
				TEST_HOST = "$(BUILT_PRODUCTS_DIR)/MusicWall.app/$(BUNDLE_EXECUTABLE_FOLDER_PATH)/MusicWall";
				TEST_TARGET_NAME = MusicWall;
				VALIDATE_PRODUCT = YES;
			};
			name = Release;
		};
		F0ADCAC359BEAA58B300DC90 /* Debug */ = {
			isa = XCBuildConfiguration;
			buildSettings = {
				BUNDLE_LOADER = "$(TEST_HOST)";
				CLANG_ENABLE_OBJC_WEAK = NO;
				CODE_SIGN_STYLE = Automatic;
				CURRENT_PROJECT_VERSION = 1;
				DEVELOPMENT_TEAM = CD8XP2U645;
				GENERATE_INFOPLIST_FILE = YES;
				IPHONEOS_DEPLOYMENT_TARGET = 18.5;
				LD_RUNPATH_SEARCH_PATHS = (
					"$(inherited)",
					"@executable_path/Frameworks",
					"@loader_path/Frameworks",
				);
				PRODUCT_BUNDLE_IDENTIFIER = chris.MusicWallTests;
				PRODUCT_NAME = "$(TARGET_NAME)";
				SDKROOT = iphoneos;
				SWIFT_VERSION = 5.0;
				TARGETED_DEVICE_FAMILY = "1,2";
				TEST_HOST = "$(BUILT_PRODUCTS_DIR)/MusicWall.app/$(BUNDLE_EXECUTABLE_FOLDER_PATH)/MusicWall";
				TEST_TARGET_NAME = MusicWall;
			};
			name = Debug;
		};
/* End XCBuildConfiguration section */

/* Begin XCConfigurationList section */
		050FE7F5B2BD48E9EA84ACC3 /* Build configuration list for PBXNativeTarget "MusicWallTests" */ = {
			isa = XCConfigurationList;
			buildConfigurations = (
				944A84916DE51D0580A90ADF /* Release */,
				F0ADCAC359BEAA58B300DC90 /* Debug */,
			);
			defaultConfigurationIsVisible = 0;
			defaultConfigurationName = Release;
		};
		835DD9832E5FB592001CD95F /* Build configuration list for PBXProject "MusicWall" */ = {
			isa = XCConfigurationList;
			buildConfigurations = (
				835DD9912E5FB592001CD95F /* Debug */,
				835DD9922E5FB592001CD95F /* Release */,
			);
			defaultConfigurationIsVisible = 0;
			defaultConfigurationName = Release;
		};
		835DD9932E5FB592001CD95F /* Build configuration list for PBXNativeTarget "MusicWall" */ = {
			isa = XCConfigurationList;
			buildConfigurations = (
				835DD9942E5FB592001CD95F /* Debug */,
				835DD9952E5FB592001CD95F /* Release */,
			);
			defaultConfigurationIsVisible = 0;
			defaultConfigurationName = Release;
		};
/* End XCConfigurationList section */
	};
	rootObject = 835DD9802E5FB592001CD95F /* Project object */;
}
